
Microsoft Visual Studio Solution File, Format Version 12.00
# Visual Studio 15
Project("{FAE04EC0-301F-11D3-BF4B-00C04F79EFBC}") = "Assembly-CSharp", "Assembly-CSharp.csproj", "{2CCAD877-D058-C4BD-D28C-1EE18F872D05}"
EndProject
Project("{FAE04EC0-301F-11D3-BF4B-00C04F79EFBC}") = "Assembly-CSharp-Editor", "Assembly-CSharp-Editor.csproj", "{855BC056-B26D-1C56-D40B-ACA1E5EC77D1}"
EndProject
Global
	GlobalSection(SolutionConfigurationPlatforms) = preSolution
		Debug|Any CPU = Debug|Any CPU
		Release|Any CPU = Release|Any CPU
	EndGlobalSection
	GlobalSection(ProjectConfigurationPlatforms) = postSolution
		{2CCAD877-D058-C4BD-D28C-1EE18F872D05}.Debug|Any CPU.ActiveCfg = Debug|Any CPU
		{2CCAD877-D058-C4BD-D28C-1EE18F872D05}.Debug|Any CPU.Build.0 = Debug|Any CPU
		{2CCAD877-D058-C4BD-D28C-1EE18F872D05}.Release|Any CPU.ActiveCfg = Release|Any CPU
		{2CCAD877-D058-C4BD-D28C-1EE18F872D05}.Release|Any CPU.Build.0 = Release|Any CPU
		{855BC056-B26D-1C56-D40B-ACA1E5EC77D1}.Debug|Any CPU.ActiveCfg = Debug|Any CPU
		{855BC056-B26D-1C56-D40B-ACA1E5EC77D1}.Debug|Any CPU.Build.0 = Debug|Any CPU
		{855BC056-B26D-1C56-D40B-ACA1E5EC77D1}.Release|Any CPU.ActiveCfg = Release|Any CPU
		{855BC056-B26D-1C56-D40B-ACA1E5EC77D1}.Release|Any CPU.Build.0 = Release|Any CPU
	EndGlobalSection
	GlobalSection(SolutionProperties) = preSolution
		HideSolutionNode = FALSE
	EndGlobalSection
EndGlobal
